
Microsoft Visual Studio Solution File, Format Version 12.00
# Visual Studio Version 17
VisualStudioVersion = 17.5.33516.290
MinimumVisualStudioVersion = 10.0.40219.1
Project("{FAE04EC0-301F-11D3-BF4B-00C04F79EFBC}") = "ExcelIO.Demo.NetCore", "ExcelIO.Demo.NetCore\ExcelIO.Demo.NetCore.csproj", "{2C83DD27-795A-4769-AA84-FCAB602D26E6}"
EndProject
Project("{FAE04EC0-301F-11D3-BF4B-00C04F79EFBC}") = "ExcelIO.Demo.Net", "ExcelIO.Demo.Net\ExcelIO.Demo.Net.csproj", "{8D6FF974-DE86-4044-B0E9-844DA572CD85}"
EndProject
Project("{FAE04EC0-301F-11D3-BF4B-00C04F79EFBC}") = "ExcelIO.Demo.Framework", "ExcelIO.Demo.Framework\ExcelIO.Demo.Framework.csproj", "{8D637E02-482C-4D56-9AB2-F21AF19CB7ED}"
EndProject
Global
	GlobalSection(SolutionConfigurationPlatforms) = preSolution
		Debug|Any CPU = Debug|Any CPU
		Release|Any CPU = Release|Any CPU
	EndGlobalSection
	GlobalSection(ProjectConfigurationPlatforms) = postSolution
		{2C83DD27-795A-4769-AA84-FCAB602D26E6}.Debug|Any CPU.ActiveCfg = Debug|Any CPU
		{2C83DD27-795A-4769-AA84-FCAB602D26E6}.Debug|Any CPU.Build.0 = Debug|Any CPU
		{2C83DD27-795A-4769-AA84-FCAB602D26E6}.Release|Any CPU.ActiveCfg = Release|Any CPU
		{2C83DD27-795A-4769-AA84-FCAB602D26E6}.Release|Any CPU.Build.0 = Release|Any CPU
		{8D6FF974-DE86-4044-B0E9-844DA572CD85}.Debug|Any CPU.ActiveCfg = Debug|Any CPU
		{8D6FF974-DE86-4044-B0E9-844DA572CD85}.Debug|Any CPU.Build.0 = Debug|Any CPU
		{8D6FF974-DE86-4044-B0E9-844DA572CD85}.Release|Any CPU.ActiveCfg = Release|Any CPU
		{8D6FF974-DE86-4044-B0E9-844DA572CD85}.Release|Any CPU.Build.0 = Release|Any CPU
		{8D637E02-482C-4D56-9AB2-F21AF19CB7ED}.Debug|Any CPU.ActiveCfg = Debug|Any CPU
		{8D637E02-482C-4D56-9AB2-F21AF19CB7ED}.Debug|Any CPU.Build.0 = Debug|Any CPU
		{8D637E02-482C-4D56-9AB2-F21AF19CB7ED}.Release|Any CPU.ActiveCfg = Release|Any CPU
		{8D637E02-482C-4D56-9AB2-F21AF19CB7ED}.Release|Any CPU.Build.0 = Release|Any CPU
	EndGlobalSection
	GlobalSection(SolutionProperties) = preSolution
		HideSolutionNode = FALSE
	EndGlobalSection
	GlobalSection(ExtensibilityGlobals) = postSolution
		SolutionGuid = {5FBDBAFE-6BBE-4DC3-902A-C5B6FA848444}
	EndGlobalSection
EndGlobal
